
Microsoft Visual Studio Solution File, Format Version 12.00
# Visual Studio Version 16
VisualStudioVersion = 16.0.31205.134
MinimumVisualStudioVersion = 10.0.40219.1
Project("{FAE04EC0-301F-11D3-BF4B-00C04F79EFBC}") = "MarvelWebApp", "MarvelWebApp.csproj", "{C23F16D4-C150-4A6F-9013-2C39818FDCDF}"
EndProject
Global
	GlobalSection(SolutionConfigurationPlatforms) = preSolution
		Debug|Any CPU = Debug|Any CPU
		Release|Any CPU = Release|Any CPU
	EndGlobalSection
	GlobalSection(ProjectConfigurationPlatforms) = postSolution
		{C23F16D4-C150-4A6F-9013-2C39818FDCDF}.Debug|Any CPU.ActiveCfg = Debug|Any CPU
		{C23F16D4-C150-4A6F-9013-2C39818FDCDF}.Debug|Any CPU.Build.0 = Debug|Any CPU
		{C23F16D4-C150-4A6F-9013-2C39818FDCDF}.Release|Any CPU.ActiveCfg = Release|Any CPU
		{C23F16D4-C150-4A6F-9013-2C39818FDCDF}.Release|Any CPU.Build.0 = Release|Any CPU
	EndGlobalSection
	GlobalSection(SolutionProperties) = preSolution
		HideSolutionNode = FALSE
	EndGlobalSection
	GlobalSection(ExtensibilityGlobals) = postSolution
		SolutionGuid = {CD622674-C1F7-4381-920F-D1D75867C5FD}
	EndGlobalSection
EndGlobal
